
Microsoft Visual Studio Solution File, Format Version 12.00
# Visual Studio 15
VisualStudioVersion = 15.0.28307.902
MinimumVisualStudioVersion = 10.0.40219.1
Project("{FAE04EC0-301F-11D3-BF4B-00C04F79EFBC}") = "AI Coursework", "AI Coursework\AI Coursework.csproj", "{5ED443FC-BC14-4A77-9C75-5917E615370D}"
EndProject
Project("{FAE04EC0-301F-11D3-BF4B-00C04F79EFBC}") = "FLS", "AI Coursework\FLS\FLS.csproj", "{008088EC-5365-4EBD-BC54-97FC0BB4876C}"
EndProject
Global
	GlobalSection(SolutionConfigurationPlatforms) = preSolution
		Debug|Any CPU = Debug|Any CPU
		Release|Any CPU = Release|Any CPU
	EndGlobalSection
	GlobalSection(ProjectConfigurationPlatforms) = postSolution
		{5ED443FC-BC14-4A77-9C75-5917E615370D}.Debug|Any CPU.ActiveCfg = Debug|Any CPU
		{5ED443FC-BC14-4A77-9C75-5917E615370D}.Debug|Any CPU.Build.0 = Debug|Any CPU
		{5ED443FC-BC14-4A77-9C75-5917E615370D}.Release|Any CPU.ActiveCfg = Release|Any CPU
		{5ED443FC-BC14-4A77-9C75-5917E615370D}.Release|Any CPU.Build.0 = Release|Any CPU
		{008088EC-5365-4EBD-BC54-97FC0BB4876C}.Debug|Any CPU.ActiveCfg = Debug|Any CPU
		{008088EC-5365-4EBD-BC54-97FC0BB4876C}.Debug|Any CPU.Build.0 = Debug|Any CPU
		{008088EC-5365-4EBD-BC54-97FC0BB4876C}.Release|Any CPU.ActiveCfg = Release|Any CPU
		{008088EC-5365-4EBD-BC54-97FC0BB4876C}.Release|Any CPU.Build.0 = Release|Any CPU
	EndGlobalSection
	GlobalSection(SolutionProperties) = preSolution
		HideSolutionNode = FALSE
	EndGlobalSection
	GlobalSection(ExtensibilityGlobals) = postSolution
		SolutionGuid = {35B2EDED-F3BF-458D-902C-DFD1485F4ED9}
	EndGlobalSection
EndGlobal
